{
  "name": "tournoi3x3",
  "version": "1.0.0",
  "lockfileVersion": 3,
  "requires": true,
  "packages": {
    "": {
      "name": "tournoi3x3",
      "version": "1.0.0",
      "license": "ISC"
    }
  },
  "scripts": {
    "build": "react-scripts build",
    "eject": "react-scripts eject",
    "start": "react-scripts start",
    "test": "react-scripts test"
  }
}
